
Microsoft Visual Studio Solution File, Format Version 12.00
# Visual Studio Version 16
VisualStudioVersion = 16.0.31729.503
MinimumVisualStudioVersion = 10.0.40219.1
Project("{9A19103F-16F7-4668-BE54-9A1E7A4F7556}") = "0311hmw", "0311hmw\0311hmw.csproj", "{B9773D39-8352-4E39-A30D-BEF91BD96970}"
EndProject
Project("{FAE04EC0-301F-11D3-BF4B-00C04F79EFBC}") = "ClassLibrary", "ClassLibrary\ClassLibrary.csproj", "{3268DB81-315C-45B0-80DB-CA79A84443CD}"
EndProject
Global
	GlobalSection(SolutionConfigurationPlatforms) = preSolution
		Debug|Any CPU = Debug|Any CPU
		Release|Any CPU = Release|Any CPU
	EndGlobalSection
	GlobalSection(ProjectConfigurationPlatforms) = postSolution
		{B9773D39-8352-4E39-A30D-BEF91BD96970}.Debug|Any CPU.ActiveCfg = Debug|Any CPU
		{B9773D39-8352-4E39-A30D-BEF91BD96970}.Debug|Any CPU.Build.0 = Debug|Any CPU
		{B9773D39-8352-4E39-A30D-BEF91BD96970}.Release|Any CPU.ActiveCfg = Release|Any CPU
		{B9773D39-8352-4E39-A30D-BEF91BD96970}.Release|Any CPU.Build.0 = Release|Any CPU
		{3268DB81-315C-45B0-80DB-CA79A84443CD}.Debug|Any CPU.ActiveCfg = Debug|Any CPU
		{3268DB81-315C-45B0-80DB-CA79A84443CD}.Debug|Any CPU.Build.0 = Debug|Any CPU
		{3268DB81-315C-45B0-80DB-CA79A84443CD}.Release|Any CPU.ActiveCfg = Release|Any CPU
		{3268DB81-315C-45B0-80DB-CA79A84443CD}.Release|Any CPU.Build.0 = Release|Any CPU
	EndGlobalSection
	GlobalSection(SolutionProperties) = preSolution
		HideSolutionNode = FALSE
	EndGlobalSection
	GlobalSection(ExtensibilityGlobals) = postSolution
		SolutionGuid = {B21B6FBB-2403-41F4-98D4-B080EB1F6F25}
	EndGlobalSection
EndGlobal
